
Microsoft Visual Studio Solution File, Format Version 12.00
# Visual Studio 2012
Project("{FAE04EC0-301F-11D3-BF4B-00C04F79EFBC}") = "XRD_Tool", "XRD_Tool\XRD_Tool.csproj", "{B8E06AB7-6433-4BA8-A68B-BE607C2DCBD9}"
EndProject
Project("{FAE04EC0-301F-11D3-BF4B-00C04F79EFBC}") = "DllLibrary", "DllLibrary\DllLibrary.csproj", "{E1067202-AC9F-4FFE-8A3D-38E0FE01876E}"
EndProject
Global
	GlobalSection(SolutionConfigurationPlatforms) = preSolution
		Debug|Any CPU = Debug|Any CPU
		Release|Any CPU = Release|Any CPU
	EndGlobalSection
	GlobalSection(ProjectConfigurationPlatforms) = postSolution
		{B8E06AB7-6433-4BA8-A68B-BE607C2DCBD9}.Debug|Any CPU.ActiveCfg = Debug|Any CPU
		{B8E06AB7-6433-4BA8-A68B-BE607C2DCBD9}.Debug|Any CPU.Build.0 = Debug|Any CPU
		{B8E06AB7-6433-4BA8-A68B-BE607C2DCBD9}.Release|Any CPU.ActiveCfg = Release|Any CPU
		{B8E06AB7-6433-4BA8-A68B-BE607C2DCBD9}.Release|Any CPU.Build.0 = Release|Any CPU
		{E1067202-AC9F-4FFE-8A3D-38E0FE01876E}.Debug|Any CPU.ActiveCfg = Debug|Any CPU
		{E1067202-AC9F-4FFE-8A3D-38E0FE01876E}.Debug|Any CPU.Build.0 = Debug|Any CPU
		{E1067202-AC9F-4FFE-8A3D-38E0FE01876E}.Release|Any CPU.ActiveCfg = Release|Any CPU
		{E1067202-AC9F-4FFE-8A3D-38E0FE01876E}.Release|Any CPU.Build.0 = Release|Any CPU
	EndGlobalSection
	GlobalSection(SolutionProperties) = preSolution
		HideSolutionNode = FALSE
	EndGlobalSection
EndGlobal
